
Microsoft Visual Studio Solution File, Format Version 12.00
# Visual Studio Version 17
VisualStudioVersion = 17.9.34723.18
MinimumVisualStudioVersion = 10.0.40219.1
Project("{FAE04EC0-301F-11D3-BF4B-00C04F79EFBC}") = "IntegralesSolucion", "IntegralesSolucion\IntegralesSolucion.csproj", "{1C914204-3D3E-455C-88EC-93A77245052F}"
EndProject
Global
	GlobalSection(SolutionConfigurationPlatforms) = preSolution
		Debug|Any CPU = Debug|Any CPU
		Release|Any CPU = Release|Any CPU
	EndGlobalSection
	GlobalSection(ProjectConfigurationPlatforms) = postSolution
		{1C914204-3D3E-455C-88EC-93A77245052F}.Debug|Any CPU.ActiveCfg = Debug|Any CPU
		{1C914204-3D3E-455C-88EC-93A77245052F}.Debug|Any CPU.Build.0 = Debug|Any CPU
		{1C914204-3D3E-455C-88EC-93A77245052F}.Release|Any CPU.ActiveCfg = Release|Any CPU
		{1C914204-3D3E-455C-88EC-93A77245052F}.Release|Any CPU.Build.0 = Release|Any CPU
	EndGlobalSection
	GlobalSection(SolutionProperties) = preSolution
		HideSolutionNode = FALSE
	EndGlobalSection
	GlobalSection(ExtensibilityGlobals) = postSolution
		SolutionGuid = {B8794414-92E7-40B6-A097-2A916AF7F7D5}
	EndGlobalSection
EndGlobal
